// !$*UTF8*$!
{
	archiveVersion = 1;
	classes = {
	};
	objectVersion = 55;
	objects = {

/* Begin PBXBuildFile section */
		7E176EC628201B5600E2122D /* Comment.swift in Sources */ = {isa = PBXBuildFile; fileRef = 7E176EC528201B5600E2122D /* Comment.swift */; };
		7E176EC828201BE400E2122D /* UniPortComment.swift in Sources */ = {isa = PBXBuildFile; fileRef = 7E176EC728201BE400E2122D /* UniPortComment.swift */; };
		7E176ECA2820209900E2122D /* CommentView.swift in Sources */ = {isa = PBXBuildFile; fileRef = 7E176EC92820209900E2122D /* CommentView.swift */; };
		7E5AB4EF280F6CCB009B7115 /* SDWebImageSwiftUI in Frameworks */ = {isa = PBXBuildFile; productRef = 7E5AB4EE280F6CCB009B7115 /* SDWebImageSwiftUI */; };
		7E6FA5932801C35B002DD295 /* PostView.swift in Sources */ = {isa = PBXBuildFile; fileRef = 7E6FA5922801C35B002DD295 /* PostView.swift */; };
		7E6FA5952801CE09002DD295 /* TextView.swift in Sources */ = {isa = PBXBuildFile; fileRef = 7E6FA5942801CE09002DD295 /* TextView.swift */; };
		7E6FA5982801D514002DD295 /* ImagePickerView.swift in Sources */ = {isa = PBXBuildFile; fileRef = 7E6FA5972801D514002DD295 /* ImagePickerView.swift */; };
		7E70EABF27FB7A1D00DCE613 /* FirebaseFirestore in Frameworks */ = {isa = PBXBuildFile; productRef = 7E70EABE27FB7A1D00DCE613 /* FirebaseFirestore */; };
		7E70EAC127FB7A1D00DCE613 /* FirebaseFirestoreCombine-Community in Frameworks */ = {isa = PBXBuildFile; productRef = 7E70EAC027FB7A1D00DCE613 /* FirebaseFirestoreCombine-Community */; };
		7E70EAC327FB7A1D00DCE613 /* FirebaseFirestoreSwift-Beta in Frameworks */ = {isa = PBXBuildFile; productRef = 7E70EAC227FB7A1D00DCE613 /* FirebaseFirestoreSwift-Beta */; };
		7E70EAC927FB7B6D00DCE613 /* Home.swift in Sources */ = {isa = PBXBuildFile; fileRef = 7E70EAC827FB7B6D00DCE613 /* Home.swift */; };
		7E70EACB27FB834800DCE613 /* ContentView.swift in Sources */ = {isa = PBXBuildFile; fileRef = 7E70EACA27FB834800DCE613 /* ContentView.swift */; };
		7E70EACD27FB83C200DCE613 /* UniPortViewModel.swift in Sources */ = {isa = PBXBuildFile; fileRef = 7E70EACC27FB83C200DCE613 /* UniPortViewModel.swift */; };
		7E70EAD027FB83F300DCE613 /* Post.swift in Sources */ = {isa = PBXBuildFile; fileRef = 7E70EACF27FB83F300DCE613 /* Post.swift */; };
		7E70EAD227FC850E00DCE613 /* UniPortApp.swift in Sources */ = {isa = PBXBuildFile; fileRef = 7E70EAD127FC850E00DCE613 /* UniPortApp.swift */; };
		7EB8A4F027DB5CB800940803 /* AppDelegate.swift in Sources */ = {isa = PBXBuildFile; fileRef = 7EB8A4EF27DB5CB800940803 /* AppDelegate.swift */; };
		7EB8A4F227DB5CB800940803 /* SceneDelegate.swift in Sources */ = {isa = PBXBuildFile; fileRef = 7EB8A4F127DB5CB800940803 /* SceneDelegate.swift */; };
		7EB8A4F427DB5CB800940803 /* WelcomeViewController.swift in Sources */ = {isa = PBXBuildFile; fileRef = 7EB8A4F327DB5CB800940803 /* WelcomeViewController.swift */; };
		7EB8A4F727DB5CB800940803 /* Main.storyboard in Resources */ = {isa = PBXBuildFile; fileRef = 7EB8A4F527DB5CB800940803 /* Main.storyboard */; };
		7EB8A4F927DB5CBA00940803 /* Assets.xcassets in Resources */ = {isa = PBXBuildFile; fileRef = 7EB8A4F827DB5CBA00940803 /* Assets.xcassets */; };
		7EB8A4FC27DB5CBA00940803 /* LaunchScreen.storyboard in Resources */ = {isa = PBXBuildFile; fileRef = 7EB8A4FA27DB5CBA00940803 /* LaunchScreen.storyboard */; };
		7EB8A50727DB5CBA00940803 /* UniphoneTests.swift in Sources */ = {isa = PBXBuildFile; fileRef = 7EB8A50627DB5CBA00940803 /* UniphoneTests.swift */; };
		7EB8A51127DB5CBA00940803 /* UniphoneUITests.swift in Sources */ = {isa = PBXBuildFile; fileRef = 7EB8A51027DB5CBA00940803 /* UniphoneUITests.swift */; };
		7EB8A51327DB5CBA00940803 /* UniphoneUITestsLaunchTests.swift in Sources */ = {isa = PBXBuildFile; fileRef = 7EB8A51227DB5CBA00940803 /* UniphoneUITestsLaunchTests.swift */; };
		7EBA416027E882AC00F43F3F /* LoginViewController.swift in Sources */ = {isa = PBXBuildFile; fileRef = 7EBA415F27E882AC00F43F3F /* LoginViewController.swift */; };
		7EBA416227E882C800F43F3F /* RegisterViewController.swift in Sources */ = {isa = PBXBuildFile; fileRef = 7EBA416127E882C800F43F3F /* RegisterViewController.swift */; };
		7EBA416427E882D800F43F3F /* HelloViewController.swift in Sources */ = {isa = PBXBuildFile; fileRef = 7EBA416327E882D800F43F3F /* HelloViewController.swift */; };
		7EBA416627E8865F00F43F3F /* GoogleService-Info.plist in Resources */ = {isa = PBXBuildFile; fileRef = 7EBA416527E8865F00F43F3F /* GoogleService-Info.plist */; };
		7EBA416927E8883300F43F3F /* FirebaseAuth in Frameworks */ = {isa = PBXBuildFile; productRef = 7EBA416827E8883300F43F3F /* FirebaseAuth */; };
		7EBA416B27E8883300F43F3F /* FirebaseDatabase in Frameworks */ = {isa = PBXBuildFile; productRef = 7EBA416A27E8883300F43F3F /* FirebaseDatabase */; };
		7EBA416D27E8883300F43F3F /* FirebaseDatabaseSwift-Beta in Frameworks */ = {isa = PBXBuildFile; productRef = 7EBA416C27E8883300F43F3F /* FirebaseDatabaseSwift-Beta */; };
		7EBA416F27E8883300F43F3F /* FirebaseFirestore in Frameworks */ = {isa = PBXBuildFile; productRef = 7EBA416E27E8883300F43F3F /* FirebaseFirestore */; };
		7EBA417127E8883300F43F3F /* FirebaseStorage in Frameworks */ = {isa = PBXBuildFile; productRef = 7EBA417027E8883300F43F3F /* FirebaseStorage */; };
		7EBA417827ECFF7A00F43F3F /* Button.swift in Sources */ = {isa = PBXBuildFile; fileRef = 7EBA417727ECFF7A00F43F3F /* Button.swift */; };
		7EDEA0A62816F94300523307 /* UniPortViewModelNews.swift in Sources */ = {isa = PBXBuildFile; fileRef = 7EDEA0A52816F94300523307 /* UniPortViewModelNews.swift */; };
		7EEECD472821432B00C5B587 /* PostViewNews.swift in Sources */ = {isa = PBXBuildFile; fileRef = 7EEECD422821432B00C5B587 /* PostViewNews.swift */; };
		7EEECD482821432B00C5B587 /* HomeNews.swift in Sources */ = {isa = PBXBuildFile; fileRef = 7EEECD432821432B00C5B587 /* HomeNews.swift */; };
		7EEECD492821432B00C5B587 /* UniPortAppNews.swift in Sources */ = {isa = PBXBuildFile; fileRef = 7EEECD442821432B00C5B587 /* UniPortAppNews.swift */; };
		7EEECD4A2821432B00C5B587 /* ContentViewNews.swift in Sources */ = {isa = PBXBuildFile; fileRef = 7EEECD452821432B00C5B587 /* ContentViewNews.swift */; };
		7EEECD4B2821432B00C5B587 /* TextViewNews.swift in Sources */ = {isa = PBXBuildFile; fileRef = 7EEECD462821432B00C5B587 /* TextViewNews.swift */; };
		7EEECD4D282153F300C5B587 /* pisanie.m4a in Resources */ = {isa = PBXBuildFile; fileRef = 7EEECD4C2821507900C5B587 /* pisanie.m4a */; };
		7EEECD4F2821546D00C5B587 /* pisanie1sek.m4a in Resources */ = {isa = PBXBuildFile; fileRef = 7EEECD4E2821546000C5B587 /* pisanie1sek.m4a */; };
/* End PBXBuildFile section */

/* Begin PBXContainerItemProxy section */
		7EB8A50327DB5CBA00940803 /* PBXContainerItemProxy */ = {
			isa = PBXContainerItemProxy;
			containerPortal = 7EB8A4E427DB5CB800940803 /* Project object */;
			proxyType = 1;
			remoteGlobalIDString = 7EB8A4EB27DB5CB800940803;
			remoteInfo = Uniphone;
		};
		7EB8A50D27DB5CBA00940803 /* PBXContainerItemProxy */ = {
			isa = PBXContainerItemProxy;
			containerPortal = 7EB8A4E427DB5CB800940803 /* Project object */;
			proxyType = 1;
			remoteGlobalIDString = 7EB8A4EB27DB5CB800940803;
			remoteInfo = Uniphone;
		};
/* End PBXContainerItemProxy section */

/* Begin PBXFileReference section */
		7E176EC528201B5600E2122D /* Comment.swift */ = {isa = PBXFileReference; lastKnownFileType = sourcecode.swift; path = Comment.swift; sourceTree = "<group>"; };
		7E176EC728201BE400E2122D /* UniPortComment.swift */ = {isa = PBXFileReference; lastKnownFileType = sourcecode.swift; path = UniPortComment.swift; sourceTree = "<group>"; };
		7E176EC92820209900E2122D /* CommentView.swift */ = {isa = PBXFileReference; lastKnownFileType = sourcecode.swift; path = CommentView.swift; sourceTree = "<group>"; };
		7E6FA5922801C35B002DD295 /* PostView.swift */ = {isa = PBXFileReference; fileEncoding = 4; lastKnownFileType = sourcecode.swift; path = PostView.swift; sourceTree = "<group>"; };
		7E6FA5942801CE09002DD295 /* TextView.swift */ = {isa = PBXFileReference; lastKnownFileType = sourcecode.swift; path = TextView.swift; sourceTree = "<group>"; };
		7E6FA5972801D514002DD295 /* ImagePickerView.swift */ = {isa = PBXFileReference; lastKnownFileType = sourcecode.swift; path = ImagePickerView.swift; sourceTree = "<group>"; };
		7E70EAC827FB7B6D00DCE613 /* Home.swift */ = {isa = PBXFileReference; lastKnownFileType = sourcecode.swift; path = Home.swift; sourceTree = "<group>"; };
		7E70EACA27FB834800DCE613 /* ContentView.swift */ = {isa = PBXFileReference; lastKnownFileType = sourcecode.swift; path = ContentView.swift; sourceTree = "<group>"; };
		7E70EACC27FB83C200DCE613 /* UniPortViewModel.swift */ = {isa = PBXFileReference; lastKnownFileType = sourcecode.swift; path = UniPortViewModel.swift; sourceTree = "<group>"; };
		7E70EACF27FB83F300DCE613 /* Post.swift */ = {isa = PBXFileReference; lastKnownFileType = sourcecode.swift; path = Post.swift; sourceTree = "<group>"; };
		7E70EAD127FC850E00DCE613 /* UniPortApp.swift */ = {isa = PBXFileReference; lastKnownFileType = sourcecode.swift; path = UniPortApp.swift; sourceTree = "<group>"; };
		7EB8A4EC27DB5CB800940803 /* Uniphone.app */ = {isa = PBXFileReference; explicitFileType = wrapper.application; includeInIndex = 0; path = Uniphone.app; sourceTree = BUILT_PRODUCTS_DIR; };
		7EB8A4EF27DB5CB800940803 /* AppDelegate.swift */ = {isa = PBXFileReference; lastKnownFileType = sourcecode.swift; path = AppDelegate.swift; sourceTree = "<group>"; };
		7EB8A4F127DB5CB800940803 /* SceneDelegate.swift */ = {isa = PBXFileReference; lastKnownFileType = sourcecode.swift; path = SceneDelegate.swift; sourceTree = "<group>"; };
		7EB8A4F327DB5CB800940803 /* WelcomeViewController.swift */ = {isa = PBXFileReference; lastKnownFileType = sourcecode.swift; path = WelcomeViewController.swift; sourceTree = "<group>"; };
		7EB8A4F627DB5CB800940803 /* Base */ = {isa = PBXFileReference; lastKnownFileType = file.storyboard; name = Base; path = Base.lproj/Main.storyboard; sourceTree = "<group>"; };
		7EB8A4F827DB5CBA00940803 /* Assets.xcassets */ = {isa = PBXFileReference; lastKnownFileType = folder.assetcatalog; path = Assets.xcassets; sourceTree = "<group>"; };
		7EB8A4FB27DB5CBA00940803 /* Base */ = {isa = PBXFileReference; lastKnownFileType = file.storyboard; name = Base; path = Base.lproj/LaunchScreen.storyboard; sourceTree = "<group>"; };
		7EB8A4FD27DB5CBA00940803 /* Info.plist */ = {isa = PBXFileReference; lastKnownFileType = text.plist.xml; path = Info.plist; sourceTree = "<group>"; };
		7EB8A50227DB5CBA00940803 /* UniphoneTests.xctest */ = {isa = PBXFileReference; explicitFileType = wrapper.cfbundle; includeInIndex = 0; path = UniphoneTests.xctest; sourceTree = BUILT_PRODUCTS_DIR; };
		7EB8A50627DB5CBA00940803 /* UniphoneTests.swift */ = {isa = PBXFileReference; lastKnownFileType = sourcecode.swift; path = UniphoneTests.swift; sourceTree = "<group>"; };
		7EB8A50C27DB5CBA00940803 /* UniphoneUITests.xctest */ = {isa = PBXFileReference; explicitFileType = wrapper.cfbundle; includeInIndex = 0; path = UniphoneUITests.xctest; sourceTree = BUILT_PRODUCTS_DIR; };
		7EB8A51027DB5CBA00940803 /* UniphoneUITests.swift */ = {isa = PBXFileReference; lastKnownFileType = sourcecode.swift; path = UniphoneUITests.swift; sourceTree = "<group>"; };
		7EB8A51227DB5CBA00940803 /* UniphoneUITestsLaunchTests.swift */ = {isa = PBXFileReference; lastKnownFileType = sourcecode.swift; path = UniphoneUITestsLaunchTests.swift; sourceTree = "<group>"; };
		7EBA415F27E882AC00F43F3F /* LoginViewController.swift */ = {isa = PBXFileReference; lastKnownFileType = sourcecode.swift; path = LoginViewController.swift; sourceTree = "<group>"; };
		7EBA416127E882C800F43F3F /* RegisterViewController.swift */ = {isa = PBXFileReference; lastKnownFileType = sourcecode.swift; path = RegisterViewController.swift; sourceTree = "<group>"; };
		7EBA416327E882D800F43F3F /* HelloViewController.swift */ = {isa = PBXFileReference; lastKnownFileType = sourcecode.swift; path = HelloViewController.swift; sourceTree = "<group>"; };
		7EBA416527E8865F00F43F3F /* GoogleService-Info.plist */ = {isa = PBXFileReference; fileEncoding = 4; lastKnownFileType = text.plist.xml; path = "GoogleService-Info.plist"; sourceTree = "<group>"; };
		7EBA417727ECFF7A00F43F3F /* Button.swift */ = {isa = PBXFileReference; lastKnownFileType = sourcecode.swift; path = Button.swift; sourceTree = "<group>"; };
		7EDEA0A52816F94300523307 /* UniPortViewModelNews.swift */ = {isa = PBXFileReference; lastKnownFileType = sourcecode.swift; path = UniPortViewModelNews.swift; sourceTree = "<group>"; };
		7EEECD422821432B00C5B587 /* PostViewNews.swift */ = {isa = PBXFileReference; fileEncoding = 4; lastKnownFileType = sourcecode.swift; path = PostViewNews.swift; sourceTree = "<group>"; };
		7EEECD432821432B00C5B587 /* HomeNews.swift */ = {isa = PBXFileReference; fileEncoding = 4; lastKnownFileType = sourcecode.swift; path = HomeNews.swift; sourceTree = "<group>"; };
		7EEECD442821432B00C5B587 /* UniPortAppNews.swift */ = {isa = PBXFileReference; fileEncoding = 4; lastKnownFileType = sourcecode.swift; path = UniPortAppNews.swift; sourceTree = "<group>"; };
		7EEECD452821432B00C5B587 /* ContentViewNews.swift */ = {isa = PBXFileReference; fileEncoding = 4; lastKnownFileType = sourcecode.swift; path = ContentViewNews.swift; sourceTree = "<group>"; };
		7EEECD462821432B00C5B587 /* TextViewNews.swift */ = {isa = PBXFileReference; fileEncoding = 4; lastKnownFileType = sourcecode.swift; path = TextViewNews.swift; sourceTree = "<group>"; };
		7EEECD4C2821507900C5B587 /* pisanie.m4a */ = {isa = PBXFileReference; lastKnownFileType = file; path = pisanie.m4a; sourceTree = "<group>"; };
		7EEECD4E2821546000C5B587 /* pisanie1sek.m4a */ = {isa = PBXFileReference; lastKnownFileType = file; path = pisanie1sek.m4a; sourceTree = "<group>"; };
/* End PBXFileReference section */

/* Begin PBXFrameworksBuildPhase section */
		7EB8A4E927DB5CB800940803 /* Frameworks */ = {
			isa = PBXFrameworksBuildPhase;
			buildActionMask = 2147483647;
			files = (
				7EBA416D27E8883300F43F3F /* FirebaseDatabaseSwift-Beta in Frameworks */,
				7EBA416F27E8883300F43F3F /* FirebaseFirestore in Frameworks */,
				7EBA416B27E8883300F43F3F /* FirebaseDatabase in Frameworks */,
				7E5AB4EF280F6CCB009B7115 /* SDWebImageSwiftUI in Frameworks */,
				7EBA417127E8883300F43F3F /* FirebaseStorage in Frameworks */,
				7EBA416927E8883300F43F3F /* FirebaseAuth in Frameworks */,
				7E70EAC327FB7A1D00DCE613 /* FirebaseFirestoreSwift-Beta in Frameworks */,
				7E70EABF27FB7A1D00DCE613 /* FirebaseFirestore in Frameworks */,
				7E70EAC127FB7A1D00DCE613 /* FirebaseFirestoreCombine-Community in Frameworks */,
			);
			runOnlyForDeploymentPostprocessing = 0;
		};
		7EB8A4FF27DB5CBA00940803 /* Frameworks */ = {
			isa = PBXFrameworksBuildPhase;
			buildActionMask = 2147483647;
			files = (
			);
			runOnlyForDeploymentPostprocessing = 0;
		};
		7EB8A50927DB5CBA00940803 /* Frameworks */ = {
			isa = PBXFrameworksBuildPhase;
			buildActionMask = 2147483647;
			files = (
			);
			runOnlyForDeploymentPostprocessing = 0;
		};
/* End PBXFrameworksBuildPhase section */

/* Begin PBXGroup section */
		7E1A592428213DC7004D465E /* Comment */ = {
			isa = PBXGroup;
			children = (
				7E176EC728201BE400E2122D /* UniPortComment.swift */,
			);
			path = Comment;
			sourceTree = "<group>";
		};
		7E1A592528213DEC004D465E /* News */ = {
			isa = PBXGroup;
			children = (
				7EEECD452821432B00C5B587 /* ContentViewNews.swift */,
				7EEECD432821432B00C5B587 /* HomeNews.swift */,
				7EEECD422821432B00C5B587 /* PostViewNews.swift */,
				7EEECD462821432B00C5B587 /* TextViewNews.swift */,
				7EEECD442821432B00C5B587 /* UniPortAppNews.swift */,
			);
			path = News;
			sourceTree = "<group>";
		};
		7E6FA5962801D4F8002DD295 /* Image */ = {
			isa = PBXGroup;
			children = (
				7E6FA5972801D514002DD295 /* ImagePickerView.swift */,
			);
			path = Image;
			sourceTree = "<group>";
		};
		7E70EAC427FB7A7600DCE613 /* View */ = {
			isa = PBXGroup;
			children = (
				7E6FA5922801C35B002DD295 /* PostView.swift */,
				7E70EAC827FB7B6D00DCE613 /* Home.swift */,
				7E70EACA27FB834800DCE613 /* ContentView.swift */,
				7E70EAD127FC850E00DCE613 /* UniPortApp.swift */,
				7E6FA5942801CE09002DD295 /* TextView.swift */,
				7E176EC92820209900E2122D /* CommentView.swift */,
			);
			path = View;
			sourceTree = "<group>";
		};
		7E70EAC527FB7A9400DCE613 /* ViewModel */ = {
			isa = PBXGroup;
			children = (
				7EDEA0A52816F94300523307 /* UniPortViewModelNews.swift */,
				7E70EACC27FB83C200DCE613 /* UniPortViewModel.swift */,
			);
			path = ViewModel;
			sourceTree = "<group>";
		};
		7E70EACE27FB83CA00DCE613 /* Model */ = {
			isa = PBXGroup;
			children = (
				7E70EACF27FB83F300DCE613 /* Post.swift */,
				7E176EC528201B5600E2122D /* Comment.swift */,
			);
			path = Model;
			sourceTree = "<group>";
		};
		7EB8A4E327DB5CB800940803 = {
			isa = PBXGroup;
			children = (
				7EB8A4EE27DB5CB800940803 /* Uniphone */,
				7EB8A50527DB5CBA00940803 /* UniphoneTests */,
				7EB8A50F27DB5CBA00940803 /* UniphoneUITests */,
				7EB8A4ED27DB5CB800940803 /* Products */,
			);
			sourceTree = "<group>";
		};
		7EB8A4ED27DB5CB800940803 /* Products */ = {
			isa = PBXGroup;
			children = (
				7EB8A4EC27DB5CB800940803 /* Uniphone.app */,
				7EB8A50227DB5CBA00940803 /* UniphoneTests.xctest */,
				7EB8A50C27DB5CBA00940803 /* UniphoneUITests.xctest */,
			);
			name = Products;
			sourceTree = "<group>";
		};
		7EB8A4EE27DB5CB800940803 /* Uniphone */ = {
			isa = PBXGroup;
			children = (
				7E1A592528213DEC004D465E /* News */,
				7E1A592428213DC7004D465E /* Comment */,
				7E6FA5962801D4F8002DD295 /* Image */,
				7E70EACE27FB83CA00DCE613 /* Model */,
				7E70EAC527FB7A9400DCE613 /* ViewModel */,
				7E70EAC427FB7A7600DCE613 /* View */,
				7EBA417627ECFF5700F43F3F /* Mutable */,
				7EBA415E27E87E7E00F43F3F /* Controllers */,
				7EB8A4EF27DB5CB800940803 /* AppDelegate.swift */,
				7EB8A4F127DB5CB800940803 /* SceneDelegate.swift */,
				7EB8A4F527DB5CB800940803 /* Main.storyboard */,
				7EB8A4F827DB5CBA00940803 /* Assets.xcassets */,
				7EB8A4FA27DB5CBA00940803 /* LaunchScreen.storyboard */,
				7EB8A4FD27DB5CBA00940803 /* Info.plist */,
				7EBA416527E8865F00F43F3F /* GoogleService-Info.plist */,
			);
			path = Uniphone;
			sourceTree = "<group>";
		};
		7EB8A50527DB5CBA00940803 /* UniphoneTests */ = {
			isa = PBXGroup;
			children = (
				7EB8A50627DB5CBA00940803 /* UniphoneTests.swift */,
			);
			path = UniphoneTests;
			sourceTree = "<group>";
		};
		7EB8A50F27DB5CBA00940803 /* UniphoneUITests */ = {
			isa = PBXGroup;
			children = (
				7EB8A51027DB5CBA00940803 /* UniphoneUITests.swift */,
				7EB8A51227DB5CBA00940803 /* UniphoneUITestsLaunchTests.swift */,
			);
			path = UniphoneUITests;
			sourceTree = "<group>";
		};
		7EBA415E27E87E7E00F43F3F /* Controllers */ = {
			isa = PBXGroup;
			children = (
				7EEECD4E2821546000C5B587 /* pisanie1sek.m4a */,
				7EEECD4C2821507900C5B587 /* pisanie.m4a */,
				7EB8A4F327DB5CB800940803 /* WelcomeViewController.swift */,
				7EBA415F27E882AC00F43F3F /* LoginViewController.swift */,
				7EBA416127E882C800F43F3F /* RegisterViewController.swift */,
				7EBA416327E882D800F43F3F /* HelloViewController.swift */,
			);
			path = Controllers;
			sourceTree = "<group>";
		};
		7EBA417627ECFF5700F43F3F /* Mutable */ = {
			isa = PBXGroup;
			children = (
				7EBA417727ECFF7A00F43F3F /* Button.swift */,
			);
			path = Mutable;
			sourceTree = "<group>";
		};
/* End PBXGroup section */

/* Begin PBXNativeTarget section */
		7EB8A4EB27DB5CB800940803 /* Uniphone */ = {
			isa = PBXNativeTarget;
			buildConfigurationList = 7EB8A51627DB5CBA00940803 /* Build configuration list for PBXNativeTarget "Uniphone" */;
			buildPhases = (
				7EB8A4E827DB5CB800940803 /* Sources */,
				7EB8A4E927DB5CB800940803 /* Frameworks */,
				7EB8A4EA27DB5CB800940803 /* Resources */,
			);
			buildRules = (
			);
			dependencies = (
			);
			name = Uniphone;
			packageProductDependencies = (
				7EBA416827E8883300F43F3F /* FirebaseAuth */,
				7EBA416A27E8883300F43F3F /* FirebaseDatabase */,
				7EBA416C27E8883300F43F3F /* FirebaseDatabaseSwift-Beta */,
				7EBA416E27E8883300F43F3F /* FirebaseFirestore */,
				7EBA417027E8883300F43F3F /* FirebaseStorage */,
				7E70EABE27FB7A1D00DCE613 /* FirebaseFirestore */,
				7E70EAC027FB7A1D00DCE613 /* FirebaseFirestoreCombine-Community */,
				7E70EAC227FB7A1D00DCE613 /* FirebaseFirestoreSwift-Beta */,
				7E5AB4EE280F6CCB009B7115 /* SDWebImageSwiftUI */,
			);
			productName = Uniphone;
			productReference = 7EB8A4EC27DB5CB800940803 /* Uniphone.app */;
			productType = "com.apple.product-type.application";
		};
		7EB8A50127DB5CBA00940803 /* UniphoneTests */ = {
			isa = PBXNativeTarget;
			buildConfigurationList = 7EB8A51927DB5CBA00940803 /* Build configuration list for PBXNativeTarget "UniphoneTests" */;
			buildPhases = (
				7EB8A4FE27DB5CBA00940803 /* Sources */,
				7EB8A4FF27DB5CBA00940803 /* Frameworks */,
				7EB8A50027DB5CBA00940803 /* Resources */,
			);
			buildRules = (
			);
			dependencies = (
				7EB8A50427DB5CBA00940803 /* PBXTargetDependency */,
			);
			name = UniphoneTests;
			productName = UniphoneTests;
			productReference = 7EB8A50227DB5CBA00940803 /* UniphoneTests.xctest */;
			productType = "com.apple.product-type.bundle.unit-test";
		};
		7EB8A50B27DB5CBA00940803 /* UniphoneUITests */ = {
			isa = PBXNativeTarget;
			buildConfigurationList = 7EB8A51C27DB5CBA00940803 /* Build configuration list for PBXNativeTarget "UniphoneUITests" */;
			buildPhases = (
				7EB8A50827DB5CBA00940803 /* Sources */,
				7EB8A50927DB5CBA00940803 /* Frameworks */,
				7EB8A50A27DB5CBA00940803 /* Resources */,
			);
			buildRules = (
			);
			dependencies = (
				7EB8A50E27DB5CBA00940803 /* PBXTargetDependency */,
			);
			name = UniphoneUITests;
			productName = UniphoneUITests;
			productReference = 7EB8A50C27DB5CBA00940803 /* UniphoneUITests.xctest */;
			productType = "com.apple.product-type.bundle.ui-testing";
		};
/* End PBXNativeTarget section */

/* Begin PBXProject section */
		7EB8A4E427DB5CB800940803 /* Project object */ = {
			isa = PBXProject;
			attributes = {
				BuildIndependentTargetsInParallel = 1;
				LastSwiftUpdateCheck = 1320;
				LastUpgradeCheck = 1320;
				TargetAttributes = {
					7EB8A4EB27DB5CB800940803 = {
						CreatedOnToolsVersion = 13.2.1;
					};
					7EB8A50127DB5CBA00940803 = {
						CreatedOnToolsVersion = 13.2.1;
						TestTargetID = 7EB8A4EB27DB5CB800940803;
					};
					7EB8A50B27DB5CBA00940803 = {
						CreatedOnToolsVersion = 13.2.1;
						TestTargetID = 7EB8A4EB27DB5CB800940803;
					};
				};
			};
			buildConfigurationList = 7EB8A4E727DB5CB800940803 /* Build configuration list for PBXProject "Uniphone" */;
			compatibilityVersion = "Xcode 13.0";
			developmentRegion = en;
			hasScannedForEncodings = 0;
			knownRegions = (
				en,
				Base,
			);
			mainGroup = 7EB8A4E327DB5CB800940803;
			packageReferences = (
				7EBA416727E8883300F43F3F /* XCRemoteSwiftPackageReference "firebase-ios-sdk" */,
				7E70EABD27FB7A1D00DCE613 /* XCRemoteSwiftPackageReference "firebase-ios-sdk" */,
				7E5AB4ED280F6CCB009B7115 /* XCRemoteSwiftPackageReference "SDWebImageSwiftUI" */,
			);
			productRefGroup = 7EB8A4ED27DB5CB800940803 /* Products */;
			projectDirPath = "";
			projectRoot = "";
			targets = (
				7EB8A4EB27DB5CB800940803 /* Uniphone */,
				7EB8A50127DB5CBA00940803 /* UniphoneTests */,
				7EB8A50B27DB5CBA00940803 /* UniphoneUITests */,
			);
		};
/* End PBXProject section */

/* Begin PBXResourcesBuildPhase section */
		7EB8A4EA27DB5CB800940803 /* Resources */ = {
			isa = PBXResourcesBuildPhase;
			buildActionMask = 2147483647;
			files = (
				7EEECD4F2821546D00C5B587 /* pisanie1sek.m4a in Resources */,
				7EB8A4FC27DB5CBA00940803 /* LaunchScreen.storyboard in Resources */,
				7EEECD4D282153F300C5B587 /* pisanie.m4a in Resources */,
				7EBA416627E8865F00F43F3F /* GoogleService-Info.plist in Resources */,
				7EB8A4F927DB5CBA00940803 /* Assets.xcassets in Resources */,
				7EB8A4F727DB5CB800940803 /* Main.storyboard in Resources */,
			);
			runOnlyForDeploymentPostprocessing = 0;
		};
		7EB8A50027DB5CBA00940803 /* Resources */ = {
			isa = PBXResourcesBuildPhase;
			buildActionMask = 2147483647;
			files = (
			);
			runOnlyForDeploymentPostprocessing = 0;
		};
		7EB8A50A27DB5CBA00940803 /* Resources */ = {
			isa = PBXResourcesBuildPhase;
			buildActionMask = 2147483647;
			files = (
			);
			runOnlyForDeploymentPostprocessing = 0;
		};
/* End PBXResourcesBuildPhase section */

/* Begin PBXSourcesBuildPhase section */
		7EB8A4E827DB5CB800940803 /* Sources */ = {
			isa = PBXSourcesBuildPhase;
			buildActionMask = 2147483647;
			files = (
				7EEECD482821432B00C5B587 /* HomeNews.swift in Sources */,
				7E70EACD27FB83C200DCE613 /* UniPortViewModel.swift in Sources */,
				7E70EAD027FB83F300DCE613 /* Post.swift in Sources */,
				7EBA417827ECFF7A00F43F3F /* Button.swift in Sources */,
				7E6FA5952801CE09002DD295 /* TextView.swift in Sources */,
				7E6FA5982801D514002DD295 /* ImagePickerView.swift in Sources */,
				7EBA416027E882AC00F43F3F /* LoginViewController.swift in Sources */,
				7E176EC828201BE400E2122D /* UniPortComment.swift in Sources */,
				7E176EC628201B5600E2122D /* Comment.swift in Sources */,
				7EBA416227E882C800F43F3F /* RegisterViewController.swift in Sources */,
				7EEECD472821432B00C5B587 /* PostViewNews.swift in Sources */,
				7EB8A4F427DB5CB800940803 /* WelcomeViewController.swift in Sources */,
				7EEECD4A2821432B00C5B587 /* ContentViewNews.swift in Sources */,
				7EBA416427E882D800F43F3F /* HelloViewController.swift in Sources */,
				7E70EACB27FB834800DCE613 /* ContentView.swift in Sources */,
				7EB8A4F027DB5CB800940803 /* AppDelegate.swift in Sources */,
				7EDEA0A62816F94300523307 /* UniPortViewModelNews.swift in Sources */,
				7EEECD492821432B00C5B587 /* UniPortAppNews.swift in Sources */,
				7E176ECA2820209900E2122D /* CommentView.swift in Sources */,
				7E70EAD227FC850E00DCE613 /* UniPortApp.swift in Sources */,
				7EEECD4B2821432B00C5B587 /* TextViewNews.swift in Sources */,
				7E70EAC927FB7B6D00DCE613 /* Home.swift in Sources */,
				7E6FA5932801C35B002DD295 /* PostView.swift in Sources */,
				7EB8A4F227DB5CB800940803 /* SceneDelegate.swift in Sources */,
			);
			runOnlyForDeploymentPostprocessing = 0;
		};
		7EB8A4FE27DB5CBA00940803 /* Sources */ = {
			isa = PBXSourcesBuildPhase;
			buildActionMask = 2147483647;
			files = (
				7EB8A50727DB5CBA00940803 /* UniphoneTests.swift in Sources */,
			);
			runOnlyForDeploymentPostprocessing = 0;
		};
		7EB8A50827DB5CBA00940803 /* Sources */ = {
			isa = PBXSourcesBuildPhase;
			buildActionMask = 2147483647;
			files = (
				7EB8A51327DB5CBA00940803 /* UniphoneUITestsLaunchTests.swift in Sources */,
				7EB8A51127DB5CBA00940803 /* UniphoneUITests.swift in Sources */,
			);
			runOnlyForDeploymentPostprocessing = 0;
		};
/* End PBXSourcesBuildPhase section */

/* Begin PBXTargetDependency section */
		7EB8A50427DB5CBA00940803 /* PBXTargetDependency */ = {
			isa = PBXTargetDependency;
			target = 7EB8A4EB27DB5CB800940803 /* Uniphone */;
			targetProxy = 7EB8A50327DB5CBA00940803 /* PBXContainerItemProxy */;
		};
		7EB8A50E27DB5CBA00940803 /* PBXTargetDependency */ = {
			isa = PBXTargetDependency;
			target = 7EB8A4EB27DB5CB800940803 /* Uniphone */;
			targetProxy = 7EB8A50D27DB5CBA00940803 /* PBXContainerItemProxy */;
		};
/* End PBXTargetDependency section */

/* Begin PBXVariantGroup section */
		7EB8A4F527DB5CB800940803 /* Main.storyboard */ = {
			isa = PBXVariantGroup;
			children = (
				7EB8A4F627DB5CB800940803 /* Base */,
			);
			name = Main.storyboard;
			sourceTree = "<group>";
		};
		7EB8A4FA27DB5CBA00940803 /* LaunchScreen.storyboard */ = {
			isa = PBXVariantGroup;
			children = (
				7EB8A4FB27DB5CBA00940803 /* Base */,
			);
			name = LaunchScreen.storyboard;
			sourceTree = "<group>";
		};
/* End PBXVariantGroup section */

/* Begin XCBuildConfiguration section */
		7EB8A51427DB5CBA00940803 /* Debug */ = {
			isa = XCBuildConfiguration;
			buildSettings = {
				ALWAYS_SEARCH_USER_PATHS = NO;
				CLANG_ANALYZER_NONNULL = YES;
				CLANG_ANALYZER_NUMBER_OBJECT_CONVERSION = YES_AGGRESSIVE;
				CLANG_CXX_LANGUAGE_STANDARD = "gnu++17";
				CLANG_CXX_LIBRARY = "libc++";
				CLANG_ENABLE_MODULES = YES;
				CLANG_ENABLE_OBJC_ARC = YES;
				CLANG_ENABLE_OBJC_WEAK = YES;
				CLANG_WARN_BLOCK_CAPTURE_AUTORELEASING = YES;
				CLANG_WARN_BOOL_CONVERSION = YES;
				CLANG_WARN_COMMA = YES;
				CLANG_WARN_CONSTANT_CONVERSION = YES;
				CLANG_WARN_DEPRECATED_OBJC_IMPLEMENTATIONS = YES;
				CLANG_WARN_DIRECT_OBJC_ISA_USAGE = YES_ERROR;
				CLANG_WARN_DOCUMENTATION_COMMENTS = YES;
				CLANG_WARN_EMPTY_BODY = YES;
				CLANG_WARN_ENUM_CONVERSION = YES;
				CLANG_WARN_INFINITE_RECURSION = YES;
				CLANG_WARN_INT_CONVERSION = YES;
				CLANG_WARN_NON_LITERAL_NULL_CONVERSION = YES;
				CLANG_WARN_OBJC_IMPLICIT_RETAIN_SELF = YES;
				CLANG_WARN_OBJC_LITERAL_CONVERSION = YES;
				CLANG_WARN_OBJC_ROOT_CLASS = YES_ERROR;
				CLANG_WARN_QUOTED_INCLUDE_IN_FRAMEWORK_HEADER = YES;
				CLANG_WARN_RANGE_LOOP_ANALYSIS = YES;
				CLANG_WARN_STRICT_PROTOTYPES = YES;
				CLANG_WARN_SUSPICIOUS_MOVE = YES;
				CLANG_WARN_UNGUARDED_AVAILABILITY = YES_AGGRESSIVE;
				CLANG_WARN_UNREACHABLE_CODE = YES;
				CLANG_WARN__DUPLICATE_METHOD_MATCH = YES;
				COPY_PHASE_STRIP = NO;
				DEBUG_INFORMATION_FORMAT = dwarf;
				ENABLE_STRICT_OBJC_MSGSEND = YES;
				ENABLE_TESTABILITY = YES;
				GCC_C_LANGUAGE_STANDARD = gnu11;
				GCC_DYNAMIC_NO_PIC = NO;
				GCC_NO_COMMON_BLOCKS = YES;
				GCC_OPTIMIZATION_LEVEL = 0;
				GCC_PREPROCESSOR_DEFINITIONS = (
					"DEBUG=1",
					"$(inherited)",
				);
				GCC_WARN_64_TO_32_BIT_CONVERSION = YES;
				GCC_WARN_ABOUT_RETURN_TYPE = YES_ERROR;
				GCC_WARN_UNDECLARED_SELECTOR = YES;
				GCC_WARN_UNINITIALIZED_AUTOS = YES_AGGRESSIVE;
				GCC_WARN_UNUSED_FUNCTION = YES;
				GCC_WARN_UNUSED_VARIABLE = YES;
				IPHONEOS_DEPLOYMENT_TARGET = 15.2;
				MTL_ENABLE_DEBUG_INFO = INCLUDE_SOURCE;
				MTL_FAST_MATH = YES;
				ONLY_ACTIVE_ARCH = YES;
				SDKROOT = iphoneos;
				SWIFT_ACTIVE_COMPILATION_CONDITIONS = DEBUG;
				SWIFT_OPTIMIZATION_LEVEL = "-Onone";
			};
			name = Debug;
		};
		7EB8A51527DB5CBA00940803 /* Release */ = {
			isa = XCBuildConfiguration;
			buildSettings = {
				ALWAYS_SEARCH_USER_PATHS = NO;
				CLANG_ANALYZER_NONNULL = YES;
				CLANG_ANALYZER_NUMBER_OBJECT_CONVERSION = YES_AGGRESSIVE;
				CLANG_CXX_LANGUAGE_STANDARD = "gnu++17";
				CLANG_CXX_LIBRARY = "libc++";
				CLANG_ENABLE_MODULES = YES;
				CLANG_ENABLE_OBJC_ARC = YES;
				CLANG_ENABLE_OBJC_WEAK = YES;
				CLANG_WARN_BLOCK_CAPTURE_AUTORELEASING = YES;
				CLANG_WARN_BOOL_CONVERSION = YES;
				CLANG_WARN_COMMA = YES;
				CLANG_WARN_CONSTANT_CONVERSION = YES;
				CLANG_WARN_DEPRECATED_OBJC_IMPLEMENTATIONS = YES;
				CLANG_WARN_DIRECT_OBJC_ISA_USAGE = YES_ERROR;
				CLANG_WARN_DOCUMENTATION_COMMENTS = YES;
				CLANG_WARN_EMPTY_BODY = YES;
				CLANG_WARN_ENUM_CONVERSION = YES;
				CLANG_WARN_INFINITE_RECURSION = YES;
				CLANG_WARN_INT_CONVERSION = YES;
				CLANG_WARN_NON_LITERAL_NULL_CONVERSION = YES;
				CLANG_WARN_OBJC_IMPLICIT_RETAIN_SELF = YES;
				CLANG_WARN_OBJC_LITERAL_CONVERSION = YES;
				CLANG_WARN_OBJC_ROOT_CLASS = YES_ERROR;
				CLANG_WARN_QUOTED_INCLUDE_IN_FRAMEWORK_HEADER = YES;
				CLANG_WARN_RANGE_LOOP_ANALYSIS = YES;
				CLANG_WARN_STRICT_PROTOTYPES = YES;
				CLANG_WARN_SUSPICIOUS_MOVE = YES;
				CLANG_WARN_UNGUARDED_AVAILABILITY = YES_AGGRESSIVE;
				CLANG_WARN_UNREACHABLE_CODE = YES;
				CLANG_WARN__DUPLICATE_METHOD_MATCH = YES;
				COPY_PHASE_STRIP = NO;
				DEBUG_INFORMATION_FORMAT = "dwarf-with-dsym";
				ENABLE_NS_ASSERTIONS = NO;
				ENABLE_STRICT_OBJC_MSGSEND = YES;
				GCC_C_LANGUAGE_STANDARD = gnu11;
				GCC_NO_COMMON_BLOCKS = YES;
				GCC_WARN_64_TO_32_BIT_CONVERSION = YES;
				GCC_WARN_ABOUT_RETURN_TYPE = YES_ERROR;
				GCC_WARN_UNDECLARED_SELECTOR = YES;
				GCC_WARN_UNINITIALIZED_AUTOS = YES_AGGRESSIVE;
				GCC_WARN_UNUSED_FUNCTION = YES;
				GCC_WARN_UNUSED_VARIABLE = YES;
				IPHONEOS_DEPLOYMENT_TARGET = 15.2;
				MTL_ENABLE_DEBUG_INFO = NO;
				MTL_FAST_MATH = YES;
				SDKROOT = iphoneos;
				SWIFT_COMPILATION_MODE = wholemodule;
				SWIFT_OPTIMIZATION_LEVEL = "-O";
				VALIDATE_PRODUCT = YES;
			};
			name = Release;
		};
		7EB8A51727DB5CBA00940803 /* Debug */ = {
			isa = XCBuildConfiguration;
			buildSettings = {
				ASSETCATALOG_COMPILER_APPICON_NAME = AppIcon;
				ASSETCATALOG_COMPILER_GLOBAL_ACCENT_COLOR_NAME = AccentColor;
				CODE_SIGN_STYLE = Automatic;
				CURRENT_PROJECT_VERSION = 1;
				DEVELOPMENT_TEAM = WDX6QZB455;
				GENERATE_INFOPLIST_FILE = YES;
				INFOPLIST_FILE = Uniphone/Info.plist;
				INFOPLIST_KEY_UIApplicationSupportsIndirectInputEvents = YES;
				INFOPLIST_KEY_UILaunchStoryboardName = LaunchScreen;
				INFOPLIST_KEY_UIMainStoryboardFile = Main;
				INFOPLIST_KEY_UISupportedInterfaceOrientations_iPad = "UIInterfaceOrientationPortrait UIInterfaceOrientationPortraitUpsideDown UIInterfaceOrientationLandscapeLeft UIInterfaceOrientationLandscapeRight";
				INFOPLIST_KEY_UISupportedInterfaceOrientations_iPhone = "UIInterfaceOrientationPortrait UIInterfaceOrientationLandscapeLeft UIInterfaceOrientationLandscapeRight";
				LD_RUNPATH_SEARCH_PATHS = (
					"$(inherited)",
					"@executable_path/Frameworks",
				);
				MARKETING_VERSION = 1.0;
				PRODUCT_BUNDLE_IDENTIFIER = com.appdenver.Uniphone;
				PRODUCT_NAME = "$(TARGET_NAME)";
				SWIFT_EMIT_LOC_STRINGS = YES;
				SWIFT_VERSION = 5.0;
				TARGETED_DEVICE_FAMILY = "1,2";
			};
			name = Debug;
		};
		7EB8A51827DB5CBA00940803 /* Release */ = {
			isa = XCBuildConfiguration;
			buildSettings = {
				ASSETCATALOG_COMPILER_APPICON_NAME = AppIcon;
				ASSETCATALOG_COMPILER_GLOBAL_ACCENT_COLOR_NAME = AccentColor;
				CODE_SIGN_STYLE = Automatic;
				CURRENT_PROJECT_VERSION = 1;
				DEVELOPMENT_TEAM = WDX6QZB455;
				GENERATE_INFOPLIST_FILE = YES;
				INFOPLIST_FILE = Uniphone/Info.plist;
				INFOPLIST_KEY_UIApplicationSupportsIndirectInputEvents = YES;
				INFOPLIST_KEY_UILaunchStoryboardName = LaunchScreen;
				INFOPLIST_KEY_UIMainStoryboardFile = Main;
				INFOPLIST_KEY_UISupportedInterfaceOrientations_iPad = "UIInterfaceOrientationPortrait UIInterfaceOrientationPortraitUpsideDown UIInterfaceOrientationLandscapeLeft UIInterfaceOrientationLandscapeRight";
				INFOPLIST_KEY_UISupportedInterfaceOrientations_iPhone = "UIInterfaceOrientationPortrait UIInterfaceOrientationLandscapeLeft UIInterfaceOrientationLandscapeRight";
				LD_RUNPATH_SEARCH_PATHS = (
					"$(inherited)",
					"@executable_path/Frameworks",
				);
				MARKETING_VERSION = 1.0;
				PRODUCT_BUNDLE_IDENTIFIER = com.appdenver.Uniphone;
				PRODUCT_NAME = "$(TARGET_NAME)";
				SWIFT_EMIT_LOC_STRINGS = YES;
				SWIFT_VERSION = 5.0;
				TARGETED_DEVICE_FAMILY = "1,2";
			};
			name = Release;
		};
		7EB8A51A27DB5CBA00940803 /* Debug */ = {
			isa = XCBuildConfiguration;
			buildSettings = {
				ALWAYS_EMBED_SWIFT_STANDARD_LIBRARIES = YES;
				BUNDLE_LOADER = "$(TEST_HOST)";
				CODE_SIGN_STYLE = Automatic;
				CURRENT_PROJECT_VERSION = 1;
				DEVELOPMENT_TEAM = WDX6QZB455;
				GENERATE_INFOPLIST_FILE = YES;
				IPHONEOS_DEPLOYMENT_TARGET = 15.2;
				MARKETING_VERSION = 1.0;
				PRODUCT_BUNDLE_IDENTIFIER = com.appdenver.UniphoneTests;
				PRODUCT_NAME = "$(TARGET_NAME)";
				SWIFT_EMIT_LOC_STRINGS = NO;
				SWIFT_VERSION = 5.0;
				TARGETED_DEVICE_FAMILY = "1,2";
				TEST_HOST = "$(BUILT_PRODUCTS_DIR)/Uniphone.app/Uniphone";
			};
			name = Debug;
		};
		7EB8A51B27DB5CBA00940803 /* Release */ = {
			isa = XCBuildConfiguration;
			buildSettings = {
				ALWAYS_EMBED_SWIFT_STANDARD_LIBRARIES = YES;
				BUNDLE_LOADER = "$(TEST_HOST)";
				CODE_SIGN_STYLE = Automatic;
				CURRENT_PROJECT_VERSION = 1;
				DEVELOPMENT_TEAM = WDX6QZB455;
				GENERATE_INFOPLIST_FILE = YES;
				IPHONEOS_DEPLOYMENT_TARGET = 15.2;
				MARKETING_VERSION = 1.0;
				PRODUCT_BUNDLE_IDENTIFIER = com.appdenver.UniphoneTests;
				PRODUCT_NAME = "$(TARGET_NAME)";
				SWIFT_EMIT_LOC_STRINGS = NO;
				SWIFT_VERSION = 5.0;
				TARGETED_DEVICE_FAMILY = "1,2";
				TEST_HOST = "$(BUILT_PRODUCTS_DIR)/Uniphone.app/Uniphone";
			};
			name = Release;
		};
		7EB8A51D27DB5CBA00940803 /* Debug */ = {
			isa = XCBuildConfiguration;
			buildSettings = {
				ALWAYS_EMBED_SWIFT_STANDARD_LIBRARIES = YES;
				CODE_SIGN_STYLE = Automatic;
				CURRENT_PROJECT_VERSION = 1;
				DEVELOPMENT_TEAM = WDX6QZB455;
				GENERATE_INFOPLIST_FILE = YES;
				MARKETING_VERSION = 1.0;
				PRODUCT_BUNDLE_IDENTIFIER = com.appdenver.UniphoneUITests;
				PRODUCT_NAME = "$(TARGET_NAME)";
				SWIFT_EMIT_LOC_STRINGS = NO;
				SWIFT_VERSION = 5.0;
				TARGETED_DEVICE_FAMILY = "1,2";
				TEST_TARGET_NAME = Uniphone;
			};
			name = Debug;
		};
		7EB8A51E27DB5CBA00940803 /* Release */ = {
			isa = XCBuildConfiguration;
			buildSettings = {
				ALWAYS_EMBED_SWIFT_STANDARD_LIBRARIES = YES;
				CODE_SIGN_STYLE = Automatic;
				CURRENT_PROJECT_VERSION = 1;
				DEVELOPMENT_TEAM = WDX6QZB455;
				GENERATE_INFOPLIST_FILE = YES;
				MARKETING_VERSION = 1.0;
				PRODUCT_BUNDLE_IDENTIFIER = com.appdenver.UniphoneUITests;
				PRODUCT_NAME = "$(TARGET_NAME)";
				SWIFT_EMIT_LOC_STRINGS = NO;
				SWIFT_VERSION = 5.0;
				TARGETED_DEVICE_FAMILY = "1,2";
				TEST_TARGET_NAME = Uniphone;
			};
			name = Release;
		};
/* End XCBuildConfiguration section */

/* Begin XCConfigurationList section */
		7EB8A4E727DB5CB800940803 /* Build configuration list for PBXProject "Uniphone" */ = {
			isa = XCConfigurationList;
			buildConfigurations = (
				7EB8A51427DB5CBA00940803 /* Debug */,
				7EB8A51527DB5CBA00940803 /* Release */,
			);
			defaultConfigurationIsVisible = 0;
			defaultConfigurationName = Release;
		};
		7EB8A51627DB5CBA00940803 /* Build configuration list for PBXNativeTarget "Uniphone" */ = {
			isa = XCConfigurationList;
			buildConfigurations = (
				7EB8A51727DB5CBA00940803 /* Debug */,
				7EB8A51827DB5CBA00940803 /* Release */,
			);
			defaultConfigurationIsVisible = 0;
			defaultConfigurationName = Release;
		};
		7EB8A51927DB5CBA00940803 /* Build configuration list for PBXNativeTarget "UniphoneTests" */ = {
			isa = XCConfigurationList;
			buildConfigurations = (
				7EB8A51A27DB5CBA00940803 /* Debug */,
				7EB8A51B27DB5CBA00940803 /* Release */,
			);
			defaultConfigurationIsVisible = 0;
			defaultConfigurationName = Release;
		};
		7EB8A51C27DB5CBA00940803 /* Build configuration list for PBXNativeTarget "UniphoneUITests" */ = {
			isa = XCConfigurationList;
			buildConfigurations = (
				7EB8A51D27DB5CBA00940803 /* Debug */,
				7EB8A51E27DB5CBA00940803 /* Release */,
			);
			defaultConfigurationIsVisible = 0;
			defaultConfigurationName = Release;
		};
/* End XCConfigurationList section */

/* Begin XCRemoteSwiftPackageReference section */
		7E5AB4ED280F6CCB009B7115 /* XCRemoteSwiftPackageReference "SDWebImageSwiftUI" */ = {
			isa = XCRemoteSwiftPackageReference;
			repositoryURL = "https://github.com/SDWebImage/SDWebImageSwiftUI.git";
			requirement = {
				kind = upToNextMajorVersion;
				minimumVersion = 2.0.0;
			};
		};
		7E70EABD27FB7A1D00DCE613 /* XCRemoteSwiftPackageReference "firebase-ios-sdk" */ = {
			isa = XCRemoteSwiftPackageReference;
			repositoryURL = "https://github.com/firebase/firebase-ios-sdk";
			requirement = {
				kind = upToNextMajorVersion;
				minimumVersion = 8.0.0;
			};
		};
		7EBA416727E8883300F43F3F /* XCRemoteSwiftPackageReference "firebase-ios-sdk" */ = {
			isa = XCRemoteSwiftPackageReference;
			repositoryURL = "https://github.com/firebase/firebase-ios-sdk";
			requirement = {
				kind = upToNextMajorVersion;
				minimumVersion = 8.0.0;
			};
		};
/* End XCRemoteSwiftPackageReference section */

/* Begin XCSwiftPackageProductDependency section */
		7E5AB4EE280F6CCB009B7115 /* SDWebImageSwiftUI */ = {
			isa = XCSwiftPackageProductDependency;
			package = 7E5AB4ED280F6CCB009B7115 /* XCRemoteSwiftPackageReference "SDWebImageSwiftUI" */;
			productName = SDWebImageSwiftUI;
		};
		7E70EABE27FB7A1D00DCE613 /* FirebaseFirestore */ = {
			isa = XCSwiftPackageProductDependency;
			package = 7EBA416727E8883300F43F3F /* XCRemoteSwiftPackageReference "firebase-ios-sdk" */;
			productName = FirebaseFirestore;
		};
		7E70EAC027FB7A1D00DCE613 /* FirebaseFirestoreCombine-Community */ = {
			isa = XCSwiftPackageProductDependency;
			package = 7EBA416727E8883300F43F3F /* XCRemoteSwiftPackageReference "firebase-ios-sdk" */;
			productName = "FirebaseFirestoreCombine-Community";
		};
		7E70EAC227FB7A1D00DCE613 /* FirebaseFirestoreSwift-Beta */ = {
			isa = XCSwiftPackageProductDependency;
			package = 7EBA416727E8883300F43F3F /* XCRemoteSwiftPackageReference "firebase-ios-sdk" */;
			productName = "FirebaseFirestoreSwift-Beta";
		};
		7EBA416827E8883300F43F3F /* FirebaseAuth */ = {
			isa = XCSwiftPackageProductDependency;
			package = 7EBA416727E8883300F43F3F /* XCRemoteSwiftPackageReference "firebase-ios-sdk" */;
			productName = FirebaseAuth;
		};
		7EBA416A27E8883300F43F3F /* FirebaseDatabase */ = {
			isa = XCSwiftPackageProductDependency;
			package = 7EBA416727E8883300F43F3F /* XCRemoteSwiftPackageReference "firebase-ios-sdk" */;
			productName = FirebaseDatabase;
		};
		7EBA416C27E8883300F43F3F /* FirebaseDatabaseSwift-Beta */ = {
			isa = XCSwiftPackageProductDependency;
			package = 7EBA416727E8883300F43F3F /* XCRemoteSwiftPackageReference "firebase-ios-sdk" */;
			productName = "FirebaseDatabaseSwift-Beta";
		};
		7EBA416E27E8883300F43F3F /* FirebaseFirestore */ = {
			isa = XCSwiftPackageProductDependency;
			package = 7EBA416727E8883300F43F3F /* XCRemoteSwiftPackageReference "firebase-ios-sdk" */;
			productName = FirebaseFirestore;
		};
		7EBA417027E8883300F43F3F /* FirebaseStorage */ = {
			isa = XCSwiftPackageProductDependency;
			package = 7EBA416727E8883300F43F3F /* XCRemoteSwiftPackageReference "firebase-ios-sdk" */;
			productName = FirebaseStorage;
		};
/* End XCSwiftPackageProductDependency section */
	};
	rootObject = 7EB8A4E427DB5CB800940803 /* Project object */;
}
